
Microsoft Visual Studio Solution File, Format Version 12.00
# Visual Studio Version 17
VisualStudioVersion = 17.4.33213.308
MinimumVisualStudioVersion = 10.0.40219.1
Project("{FAE04EC0-301F-11D3-BF4B-00C04F79EFBC}") = "RockPaperScissors", "RockPaperScissors.csproj", "{1F114AF9-17CD-4AB4-A06E-27A49C8DCFE0}"
EndProject
Global
	GlobalSection(SolutionConfigurationPlatforms) = preSolution
		Debug|Any CPU = Debug|Any CPU
		Release|Any CPU = Release|Any CPU
	EndGlobalSection
	GlobalSection(ProjectConfigurationPlatforms) = postSolution
		{1F114AF9-17CD-4AB4-A06E-27A49C8DCFE0}.Debug|Any CPU.ActiveCfg = Debug|Any CPU
		{1F114AF9-17CD-4AB4-A06E-27A49C8DCFE0}.Debug|Any CPU.Build.0 = Debug|Any CPU
		{1F114AF9-17CD-4AB4-A06E-27A49C8DCFE0}.Release|Any CPU.ActiveCfg = Release|Any CPU
		{1F114AF9-17CD-4AB4-A06E-27A49C8DCFE0}.Release|Any CPU.Build.0 = Release|Any CPU
	EndGlobalSection
	GlobalSection(SolutionProperties) = preSolution
		HideSolutionNode = FALSE
	EndGlobalSection
	GlobalSection(ExtensibilityGlobals) = postSolution
		SolutionGuid = {4005DE4B-54CA-42D6-B2DA-B63AF0400363}
	EndGlobalSection
EndGlobal
